
Microsoft Visual Studio Solution File, Format Version 12.00
# Visual Studio Version 17
VisualStudioVersion = 17.13.35931.197 d17.13
MinimumVisualStudioVersion = 10.0.40219.1
Project("{FAE04EC0-301F-11D3-BF4B-00C04F79EFBC}") = "App1", "App1\App1.csproj", "{BF6E5FF5-8F3B-417F-BB62-D85454313614}"
EndProject
Global
	GlobalSection(SolutionConfigurationPlatforms) = preSolution
		Debug|Any CPU = Debug|Any CPU
		Release|Any CPU = Release|Any CPU
	EndGlobalSection
	GlobalSection(ProjectConfigurationPlatforms) = postSolution
		{BF6E5FF5-8F3B-417F-BB62-D85454313614}.Debug|Any CPU.ActiveCfg = Debug|Any CPU
		{BF6E5FF5-8F3B-417F-BB62-D85454313614}.Debug|Any CPU.Build.0 = Debug|Any CPU
		{BF6E5FF5-8F3B-417F-BB62-D85454313614}.Release|Any CPU.ActiveCfg = Release|Any CPU
		{BF6E5FF5-8F3B-417F-BB62-D85454313614}.Release|Any CPU.Build.0 = Release|Any CPU
	EndGlobalSection
	GlobalSection(SolutionProperties) = preSolution
		HideSolutionNode = FALSE
	EndGlobalSection
	GlobalSection(ExtensibilityGlobals) = postSolution
		SolutionGuid = {A7818543-51E6-4F52-B59B-FBEBA425708D}
	EndGlobalSection
EndGlobal
